
Microsoft Visual Studio Solution File, Format Version 12.00
# Visual Studio Version 17
VisualStudioVersion = 17.13.35825.156 d17.13
MinimumVisualStudioVersion = 10.0.40219.1
Project("{FAE04EC0-301F-11D3-BF4B-00C04F79EFBC}") = "WpfApp1", "WpfApp1\WpfApp1.csproj", "{DC02D20F-D5EC-4FD4-B071-1EBD7EB29210}"
EndProject
Global
	GlobalSection(SolutionConfigurationPlatforms) = preSolution
		Debug|Any CPU = Debug|Any CPU
		Release|Any CPU = Release|Any CPU
	EndGlobalSection
	GlobalSection(ProjectConfigurationPlatforms) = postSolution
		{DC02D20F-D5EC-4FD4-B071-1EBD7EB29210}.Debug|Any CPU.ActiveCfg = Debug|Any CPU
		{DC02D20F-D5EC-4FD4-B071-1EBD7EB29210}.Debug|Any CPU.Build.0 = Debug|Any CPU
		{DC02D20F-D5EC-4FD4-B071-1EBD7EB29210}.Release|Any CPU.ActiveCfg = Release|Any CPU
		{DC02D20F-D5EC-4FD4-B071-1EBD7EB29210}.Release|Any CPU.Build.0 = Release|Any CPU
	EndGlobalSection
	GlobalSection(SolutionProperties) = preSolution
		HideSolutionNode = FALSE
	EndGlobalSection
	GlobalSection(ExtensibilityGlobals) = postSolution
		SolutionGuid = {18CF08FE-EACF-4B47-BB66-26167FF027BA}
	EndGlobalSection
EndGlobal
